// !$*UTF8*$!
{
	archiveVersion = 1;
	classes = {
	};
	objectVersion = 46;
	objects = {

/* Begin PBXBuildFile section */
		249D68351992A10800D5829D /* Parse.framework in Frameworks */ = {isa = PBXBuildFile; fileRef = 249D68341992A10800D5829D /* Parse.framework */; };
		249D68371992A11500D5829D /* FacebookSDK.framework in Frameworks */ = {isa = PBXBuildFile; fileRef = 249D68361992A11500D5829D /* FacebookSDK.framework */; };
		249D68391992A11D00D5829D /* Social.framework in Frameworks */ = {isa = PBXBuildFile; fileRef = 249D68381992A11D00D5829D /* Social.framework */; };
		249D683B1992A12400D5829D /* Twitter.framework in Frameworks */ = {isa = PBXBuildFile; fileRef = 249D683A1992A12400D5829D /* Twitter.framework */; };
		249D683D1992A12C00D5829D /* SystemConfiguration.framework in Frameworks */ = {isa = PBXBuildFile; fileRef = 249D683C1992A12C00D5829D /* SystemConfiguration.framework */; };
		249D683F1992A13100D5829D /* StoreKit.framework in Frameworks */ = {isa = PBXBuildFile; fileRef = 249D683E1992A13100D5829D /* StoreKit.framework */; };
		249D68411992A13700D5829D /* Security.framework in Frameworks */ = {isa = PBXBuildFile; fileRef = 249D68401992A13700D5829D /* Security.framework */; };
		249D68431992A14400D5829D /* QuartzCore.framework in Frameworks */ = {isa = PBXBuildFile; fileRef = 249D68421992A14400D5829D /* QuartzCore.framework */; };
		249D68451992A14A00D5829D /* MobileCoreServices.framework in Frameworks */ = {isa = PBXBuildFile; fileRef = 249D68441992A14A00D5829D /* MobileCoreServices.framework */; };
		249D68471992A15100D5829D /* libz.1.1.3.dylib in Frameworks */ = {isa = PBXBuildFile; fileRef = 249D68461992A15100D5829D /* libz.1.1.3.dylib */; };
		249D68491992A15C00D5829D /* CoreLocation.framework in Frameworks */ = {isa = PBXBuildFile; fileRef = 249D68481992A15C00D5829D /* CoreLocation.framework */; };
		249D684B1992A16C00D5829D /* CFNetwork.framework in Frameworks */ = {isa = PBXBuildFile; fileRef = 249D684A1992A16C00D5829D /* CFNetwork.framework */; };
		249D684D1992A17900D5829D /* AudioToolbox.framework in Frameworks */ = {isa = PBXBuildFile; fileRef = 249D684C1992A17900D5829D /* AudioToolbox.framework */; };
		249D684F1992A18400D5829D /* AVFoundation.framework in Frameworks */ = {isa = PBXBuildFile; fileRef = 249D684E1992A18400D5829D /* AVFoundation.framework */; };
		70F83D3619928DFF00FECD70 /* Foundation.framework in Frameworks */ = {isa = PBXBuildFile; fileRef = 70F83D3519928DFF00FECD70 /* Foundation.framework */; };
		70F83D3819928DFF00FECD70 /* CoreGraphics.framework in Frameworks */ = {isa = PBXBuildFile; fileRef = 70F83D3719928DFF00FECD70 /* CoreGraphics.framework */; };
		70F83D3A19928DFF00FECD70 /* UIKit.framework in Frameworks */ = {isa = PBXBuildFile; fileRef = 70F83D3919928DFF00FECD70 /* UIKit.framework */; };
		70F83D4019928DFF00FECD70 /* InfoPlist.strings in Resources */ = {isa = PBXBuildFile; fileRef = 70F83D3E19928DFF00FECD70 /* InfoPlist.strings */; };
		70F83D4219928DFF00FECD70 /* main.m in Sources */ = {isa = PBXBuildFile; fileRef = 70F83D4119928DFF00FECD70 /* main.m */; };
		70F83D4619928DFF00FECD70 /* DLAppDelegate.m in Sources */ = {isa = PBXBuildFile; fileRef = 70F83D4519928DFF00FECD70 /* DLAppDelegate.m */; };
		70F83D4819928DFF00FECD70 /* Images.xcassets in Resources */ = {isa = PBXBuildFile; fileRef = 70F83D4719928DFF00FECD70 /* Images.xcassets */; };
		70F83D4F19928DFF00FECD70 /* XCTest.framework in Frameworks */ = {isa = PBXBuildFile; fileRef = 70F83D4E19928DFF00FECD70 /* XCTest.framework */; };
		70F83D5019928DFF00FECD70 /* Foundation.framework in Frameworks */ = {isa = PBXBuildFile; fileRef = 70F83D3519928DFF00FECD70 /* Foundation.framework */; };
		70F83D5119928DFF00FECD70 /* UIKit.framework in Frameworks */ = {isa = PBXBuildFile; fileRef = 70F83D3919928DFF00FECD70 /* UIKit.framework */; };
		70F83D5919928DFF00FECD70 /* InfoPlist.strings in Resources */ = {isa = PBXBuildFile; fileRef = 70F83D5719928DFF00FECD70 /* InfoPlist.strings */; };
		70F83D5B19928DFF00FECD70 /* BlueLightTests.m in Sources */ = {isa = PBXBuildFile; fileRef = 70F83D5A19928DFF00FECD70 /* BlueLightTests.m */; };
		70F83D6719928E3E00FECD70 /* DLWelcomeView.m in Sources */ = {isa = PBXBuildFile; fileRef = 70F83D6519928E3E00FECD70 /* DLWelcomeView.m */; };
		70F83D6819928E3E00FECD70 /* DLWelcomeView.xib in Resources */ = {isa = PBXBuildFile; fileRef = 70F83D6619928E3E00FECD70 /* DLWelcomeView.xib */; };
		AEC84CA1B276432F804F828A /* libPods.a in Frameworks */ = {isa = PBXBuildFile; fileRef = D952946245984BF591F7730D /* libPods.a */; };
/* End PBXBuildFile section */

/* Begin PBXContainerItemProxy section */
		70F83D5219928DFF00FECD70 /* PBXContainerItemProxy */ = {
			isa = PBXContainerItemProxy;
			containerPortal = 70F83D2A19928DFF00FECD70 /* Project object */;
			proxyType = 1;
			remoteGlobalIDString = 70F83D3119928DFF00FECD70;
			remoteInfo = BlueLight;
		};
/* End PBXContainerItemProxy section */

/* Begin PBXFileReference section */
		249D68341992A10800D5829D /* Parse.framework */ = {isa = PBXFileReference; lastKnownFileType = wrapper.framework; name = Parse.framework; path = ../../../Downloads/Parse.framework; sourceTree = "<group>"; };
		249D68361992A11500D5829D /* FacebookSDK.framework */ = {isa = PBXFileReference; lastKnownFileType = wrapper.framework; name = FacebookSDK.framework; path = ../../../Documents/FacebookSDK/FacebookSDK.framework; sourceTree = "<group>"; };
		249D68381992A11D00D5829D /* Social.framework */ = {isa = PBXFileReference; lastKnownFileType = wrapper.framework; name = Social.framework; path = System/Library/Frameworks/Social.framework; sourceTree = SDKROOT; };
		249D683A1992A12400D5829D /* Twitter.framework */ = {isa = PBXFileReference; lastKnownFileType = wrapper.framework; name = Twitter.framework; path = System/Library/Frameworks/Twitter.framework; sourceTree = SDKROOT; };
		249D683C1992A12C00D5829D /* SystemConfiguration.framework */ = {isa = PBXFileReference; lastKnownFileType = wrapper.framework; name = SystemConfiguration.framework; path = System/Library/Frameworks/SystemConfiguration.framework; sourceTree = SDKROOT; };
		249D683E1992A13100D5829D /* StoreKit.framework */ = {isa = PBXFileReference; lastKnownFileType = wrapper.framework; name = StoreKit.framework; path = System/Library/Frameworks/StoreKit.framework; sourceTree = SDKROOT; };
		249D68401992A13700D5829D /* Security.framework */ = {isa = PBXFileReference; lastKnownFileType = wrapper.framework; name = Security.framework; path = System/Library/Frameworks/Security.framework; sourceTree = SDKROOT; };
		249D68421992A14400D5829D /* QuartzCore.framework */ = {isa = PBXFileReference; lastKnownFileType = wrapper.framework; name = QuartzCore.framework; path = System/Library/Frameworks/QuartzCore.framework; sourceTree = SDKROOT; };
		249D68441992A14A00D5829D /* MobileCoreServices.framework */ = {isa = PBXFileReference; lastKnownFileType = wrapper.framework; name = MobileCoreServices.framework; path = System/Library/Frameworks/MobileCoreServices.framework; sourceTree = SDKROOT; };
		249D68461992A15100D5829D /* libz.1.1.3.dylib */ = {isa = PBXFileReference; lastKnownFileType = "compiled.mach-o.dylib"; name = libz.1.1.3.dylib; path = usr/lib/libz.1.1.3.dylib; sourceTree = SDKROOT; };
		249D68481992A15C00D5829D /* CoreLocation.framework */ = {isa = PBXFileReference; lastKnownFileType = wrapper.framework; name = CoreLocation.framework; path = System/Library/Frameworks/CoreLocation.framework; sourceTree = SDKROOT; };
		249D684A1992A16C00D5829D /* CFNetwork.framework */ = {isa = PBXFileReference; lastKnownFileType = wrapper.framework; name = CFNetwork.framework; path = System/Library/Frameworks/CFNetwork.framework; sourceTree = SDKROOT; };
		249D684C1992A17900D5829D /* AudioToolbox.framework */ = {isa = PBXFileReference; lastKnownFileType = wrapper.framework; name = AudioToolbox.framework; path = System/Library/Frameworks/AudioToolbox.framework; sourceTree = SDKROOT; };
		249D684E1992A18400D5829D /* AVFoundation.framework */ = {isa = PBXFileReference; lastKnownFileType = wrapper.framework; name = AVFoundation.framework; path = System/Library/Frameworks/AVFoundation.framework; sourceTree = SDKROOT; };
		58C68156BDAA4326AD197CB6 /* Pods.xcconfig */ = {isa = PBXFileReference; includeInIndex = 1; lastKnownFileType = text.xcconfig; name = Pods.xcconfig; path = Pods/Pods.xcconfig; sourceTree = "<group>"; };
		70F83D3219928DFF00FECD70 /* BlueLight.app */ = {isa = PBXFileReference; explicitFileType = wrapper.application; includeInIndex = 0; path = BlueLight.app; sourceTree = BUILT_PRODUCTS_DIR; };
		70F83D3519928DFF00FECD70 /* Foundation.framework */ = {isa = PBXFileReference; lastKnownFileType = wrapper.framework; name = Foundation.framework; path = System/Library/Frameworks/Foundation.framework; sourceTree = SDKROOT; };
		70F83D3719928DFF00FECD70 /* CoreGraphics.framework */ = {isa = PBXFileReference; lastKnownFileType = wrapper.framework; name = CoreGraphics.framework; path = System/Library/Frameworks/CoreGraphics.framework; sourceTree = SDKROOT; };
		70F83D3919928DFF00FECD70 /* UIKit.framework */ = {isa = PBXFileReference; lastKnownFileType = wrapper.framework; name = UIKit.framework; path = System/Library/Frameworks/UIKit.framework; sourceTree = SDKROOT; };
		70F83D3D19928DFF00FECD70 /* BlueLight-Info.plist */ = {isa = PBXFileReference; lastKnownFileType = text.plist.xml; path = "BlueLight-Info.plist"; sourceTree = "<group>"; };
		70F83D3F19928DFF00FECD70 /* en */ = {isa = PBXFileReference; lastKnownFileType = text.plist.strings; name = en; path = en.lproj/InfoPlist.strings; sourceTree = "<group>"; };
		70F83D4119928DFF00FECD70 /* main.m */ = {isa = PBXFileReference; lastKnownFileType = sourcecode.c.objc; path = main.m; sourceTree = "<group>"; };
		70F83D4319928DFF00FECD70 /* BlueLight-Prefix.pch */ = {isa = PBXFileReference; lastKnownFileType = sourcecode.c.h; path = "BlueLight-Prefix.pch"; sourceTree = "<group>"; };
		70F83D4419928DFF00FECD70 /* DLAppDelegate.h */ = {isa = PBXFileReference; lastKnownFileType = sourcecode.c.h; path = DLAppDelegate.h; sourceTree = "<group>"; };
		70F83D4519928DFF00FECD70 /* DLAppDelegate.m */ = {isa = PBXFileReference; lastKnownFileType = sourcecode.c.objc; path = DLAppDelegate.m; sourceTree = "<group>"; };
		70F83D4719928DFF00FECD70 /* Images.xcassets */ = {isa = PBXFileReference; lastKnownFileType = folder.assetcatalog; path = Images.xcassets; sourceTree = "<group>"; };
		70F83D4D19928DFF00FECD70 /* BlueLightTests.xctest */ = {isa = PBXFileReference; explicitFileType = wrapper.cfbundle; includeInIndex = 0; path = BlueLightTests.xctest; sourceTree = BUILT_PRODUCTS_DIR; };
		70F83D4E19928DFF00FECD70 /* XCTest.framework */ = {isa = PBXFileReference; lastKnownFileType = wrapper.framework; name = XCTest.framework; path = Library/Frameworks/XCTest.framework; sourceTree = DEVELOPER_DIR; };
		70F83D5619928DFF00FECD70 /* BlueLightTests-Info.plist */ = {isa = PBXFileReference; lastKnownFileType = text.plist.xml; path = "BlueLightTests-Info.plist"; sourceTree = "<group>"; };
		70F83D5819928DFF00FECD70 /* en */ = {isa = PBXFileReference; lastKnownFileType = text.plist.strings; name = en; path = en.lproj/InfoPlist.strings; sourceTree = "<group>"; };
		70F83D5A19928DFF00FECD70 /* BlueLightTests.m */ = {isa = PBXFileReference; lastKnownFileType = sourcecode.c.objc; path = BlueLightTests.m; sourceTree = "<group>"; };
		70F83D6419928E3E00FECD70 /* DLWelcomeView.h */ = {isa = PBXFileReference; fileEncoding = 4; lastKnownFileType = sourcecode.c.h; path = DLWelcomeView.h; sourceTree = "<group>"; };
		70F83D6519928E3E00FECD70 /* DLWelcomeView.m */ = {isa = PBXFileReference; fileEncoding = 4; lastKnownFileType = sourcecode.c.objc; path = DLWelcomeView.m; sourceTree = "<group>"; };
		70F83D6619928E3E00FECD70 /* DLWelcomeView.xib */ = {isa = PBXFileReference; fileEncoding = 4; lastKnownFileType = file.xib; path = DLWelcomeView.xib; sourceTree = "<group>"; };
		D952946245984BF591F7730D /* libPods.a */ = {isa = PBXFileReference; explicitFileType = archive.ar; includeInIndex = 0; path = libPods.a; sourceTree = BUILT_PRODUCTS_DIR; };
/* End PBXFileReference section */

/* Begin PBXFrameworksBuildPhase section */
		70F83D2F19928DFF00FECD70 /* Frameworks */ = {
			isa = PBXFrameworksBuildPhase;
			buildActionMask = 2147483647;
			files = (
				249D684F1992A18400D5829D /* AVFoundation.framework in Frameworks */,
				249D684D1992A17900D5829D /* AudioToolbox.framework in Frameworks */,
				249D684B1992A16C00D5829D /* CFNetwork.framework in Frameworks */,
				249D68491992A15C00D5829D /* CoreLocation.framework in Frameworks */,
				249D68471992A15100D5829D /* libz.1.1.3.dylib in Frameworks */,
				249D68451992A14A00D5829D /* MobileCoreServices.framework in Frameworks */,
				249D68431992A14400D5829D /* QuartzCore.framework in Frameworks */,
				249D68411992A13700D5829D /* Security.framework in Frameworks */,
				249D683F1992A13100D5829D /* StoreKit.framework in Frameworks */,
				249D683D1992A12C00D5829D /* SystemConfiguration.framework in Frameworks */,
				249D683B1992A12400D5829D /* Twitter.framework in Frameworks */,
				249D68391992A11D00D5829D /* Social.framework in Frameworks */,
				249D68371992A11500D5829D /* FacebookSDK.framework in Frameworks */,
				249D68351992A10800D5829D /* Parse.framework in Frameworks */,
				70F83D3819928DFF00FECD70 /* CoreGraphics.framework in Frameworks */,
				70F83D3A19928DFF00FECD70 /* UIKit.framework in Frameworks */,
				70F83D3619928DFF00FECD70 /* Foundation.framework in Frameworks */,
				AEC84CA1B276432F804F828A /* libPods.a in Frameworks */,
			);
			runOnlyForDeploymentPostprocessing = 0;
		};
		70F83D4A19928DFF00FECD70 /* Frameworks */ = {
			isa = PBXFrameworksBuildPhase;
			buildActionMask = 2147483647;
			files = (
				70F83D4F19928DFF00FECD70 /* XCTest.framework in Frameworks */,
				70F83D5119928DFF00FECD70 /* UIKit.framework in Frameworks */,
				70F83D5019928DFF00FECD70 /* Foundation.framework in Frameworks */,
			);
			runOnlyForDeploymentPostprocessing = 0;
		};
/* End PBXFrameworksBuildPhase section */

/* Begin PBXGroup section */
		70F83D2919928DFF00FECD70 = {
			isa = PBXGroup;
			children = (
				70F83D3B19928DFF00FECD70 /* BlueLight */,
				70F83D5419928DFF00FECD70 /* BlueLightTests */,
				70F83D3419928DFF00FECD70 /* Frameworks */,
				70F83D3319928DFF00FECD70 /* Products */,
				58C68156BDAA4326AD197CB6 /* Pods.xcconfig */,
			);
			sourceTree = "<group>";
		};
		70F83D3319928DFF00FECD70 /* Products */ = {
			isa = PBXGroup;
			children = (
				70F83D3219928DFF00FECD70 /* BlueLight.app */,
				70F83D4D19928DFF00FECD70 /* BlueLightTests.xctest */,
			);
			name = Products;
			sourceTree = "<group>";
		};
		70F83D3419928DFF00FECD70 /* Frameworks */ = {
			isa = PBXGroup;
			children = (
				249D684E1992A18400D5829D /* AVFoundation.framework */,
				249D684C1992A17900D5829D /* AudioToolbox.framework */,
				249D684A1992A16C00D5829D /* CFNetwork.framework */,
				249D68481992A15C00D5829D /* CoreLocation.framework */,
				249D68461992A15100D5829D /* libz.1.1.3.dylib */,
				249D68441992A14A00D5829D /* MobileCoreServices.framework */,
				249D68421992A14400D5829D /* QuartzCore.framework */,
				249D68401992A13700D5829D /* Security.framework */,
				249D683E1992A13100D5829D /* StoreKit.framework */,
				249D683C1992A12C00D5829D /* SystemConfiguration.framework */,
				249D683A1992A12400D5829D /* Twitter.framework */,
				249D68381992A11D00D5829D /* Social.framework */,
				249D68361992A11500D5829D /* FacebookSDK.framework */,
				249D68341992A10800D5829D /* Parse.framework */,
				70F83D3519928DFF00FECD70 /* Foundation.framework */,
				70F83D3719928DFF00FECD70 /* CoreGraphics.framework */,
				70F83D3919928DFF00FECD70 /* UIKit.framework */,
				70F83D4E19928DFF00FECD70 /* XCTest.framework */,
				D952946245984BF591F7730D /* libPods.a */,
			);
			name = Frameworks;
			sourceTree = "<group>";
		};
		70F83D3B19928DFF00FECD70 /* BlueLight */ = {
			isa = PBXGroup;
			children = (
				70F83D4419928DFF00FECD70 /* DLAppDelegate.h */,
				70F83D4519928DFF00FECD70 /* DLAppDelegate.m */,
				70F83D6419928E3E00FECD70 /* DLWelcomeView.h */,
				70F83D6519928E3E00FECD70 /* DLWelcomeView.m */,
				70F83D6619928E3E00FECD70 /* DLWelcomeView.xib */,
				70F83D4719928DFF00FECD70 /* Images.xcassets */,
				70F83D3C19928DFF00FECD70 /* Supporting Files */,
			);
			path = BlueLight;
			sourceTree = "<group>";
		};
		70F83D3C19928DFF00FECD70 /* Supporting Files */ = {
			isa = PBXGroup;
			children = (
				70F83D3D19928DFF00FECD70 /* BlueLight-Info.plist */,
				70F83D3E19928DFF00FECD70 /* InfoPlist.strings */,
				70F83D4119928DFF00FECD70 /* main.m */,
				70F83D4319928DFF00FECD70 /* BlueLight-Prefix.pch */,
			);
			name = "Supporting Files";
			sourceTree = "<group>";
		};
		70F83D5419928DFF00FECD70 /* BlueLightTests */ = {
			isa = PBXGroup;
			children = (
				70F83D5A19928DFF00FECD70 /* BlueLightTests.m */,
				70F83D5519928DFF00FECD70 /* Supporting Files */,
			);
			path = BlueLightTests;
			sourceTree = "<group>";
		};
		70F83D5519928DFF00FECD70 /* Supporting Files */ = {
			isa = PBXGroup;
			children = (
				70F83D5619928DFF00FECD70 /* BlueLightTests-Info.plist */,
				70F83D5719928DFF00FECD70 /* InfoPlist.strings */,
			);
			name = "Supporting Files";
			sourceTree = "<group>";
		};
/* End PBXGroup section */

/* Begin PBXNativeTarget section */
		70F83D3119928DFF00FECD70 /* BlueLight */ = {
			isa = PBXNativeTarget;
			buildConfigurationList = 70F83D5E19928DFF00FECD70 /* Build configuration list for PBXNativeTarget "BlueLight" */;
			buildPhases = (
				B2DB02E4E41A41519CEF9F31 /* Check Pods Manifest.lock */,
				70F83D2E19928DFF00FECD70 /* Sources */,
				70F83D2F19928DFF00FECD70 /* Frameworks */,
				70F83D3019928DFF00FECD70 /* Resources */,
				82C1501D4AF940998F71B0C7 /* Copy Pods Resources */,
			);
			buildRules = (
			);
			dependencies = (
			);
			name = BlueLight;
			productName = BlueLight;
			productReference = 70F83D3219928DFF00FECD70 /* BlueLight.app */;
			productType = "com.apple.product-type.application";
		};
		70F83D4C19928DFF00FECD70 /* BlueLightTests */ = {
			isa = PBXNativeTarget;
			buildConfigurationList = 70F83D6119928DFF00FECD70 /* Build configuration list for PBXNativeTarget "BlueLightTests" */;
			buildPhases = (
				70F83D4919928DFF00FECD70 /* Sources */,
				70F83D4A19928DFF00FECD70 /* Frameworks */,
				70F83D4B19928DFF00FECD70 /* Resources */,
			);
			buildRules = (
			);
			dependencies = (
				70F83D5319928DFF00FECD70 /* PBXTargetDependency */,
			);
			name = BlueLightTests;
			productName = BlueLightTests;
			productReference = 70F83D4D19928DFF00FECD70 /* BlueLightTests.xctest */;
			productType = "com.apple.product-type.bundle.unit-test";
		};
/* End PBXNativeTarget section */

/* Begin PBXProject section */
		70F83D2A19928DFF00FECD70 /* Project object */ = {
			isa = PBXProject;
			attributes = {
				CLASSPREFIX = DL;
				LastUpgradeCheck = 0510;
				ORGANIZATIONNAME = "Detroit Labs";
				TargetAttributes = {
					70F83D4C19928DFF00FECD70 = {
						TestTargetID = 70F83D3119928DFF00FECD70;
					};
				};
			};
			buildConfigurationList = 70F83D2D19928DFF00FECD70 /* Build configuration list for PBXProject "BlueLight" */;
			compatibilityVersion = "Xcode 3.2";
			developmentRegion = English;
			hasScannedForEncodings = 0;
			knownRegions = (
				en,
			);
			mainGroup = 70F83D2919928DFF00FECD70;
			productRefGroup = 70F83D3319928DFF00FECD70 /* Products */;
			projectDirPath = "";
			projectRoot = "";
			targets = (
				70F83D3119928DFF00FECD70 /* BlueLight */,
				70F83D4C19928DFF00FECD70 /* BlueLightTests */,
			);
		};
/* End PBXProject section */

/* Begin PBXResourcesBuildPhase section */
		70F83D3019928DFF00FECD70 /* Resources */ = {
			isa = PBXResourcesBuildPhase;
			buildActionMask = 2147483647;
			files = (
				70F83D4019928DFF00FECD70 /* InfoPlist.strings in Resources */,
				70F83D6819928E3E00FECD70 /* DLWelcomeView.xib in Resources */,
				70F83D4819928DFF00FECD70 /* Images.xcassets in Resources */,
			);
			runOnlyForDeploymentPostprocessing = 0;
		};
		70F83D4B19928DFF00FECD70 /* Resources */ = {
			isa = PBXResourcesBuildPhase;
			buildActionMask = 2147483647;
			files = (
				70F83D5919928DFF00FECD70 /* InfoPlist.strings in Resources */,
			);
			runOnlyForDeploymentPostprocessing = 0;
		};
/* End PBXResourcesBuildPhase section */

/* Begin PBXShellScriptBuildPhase section */
		82C1501D4AF940998F71B0C7 /* Copy Pods Resources */ = {
			isa = PBXShellScriptBuildPhase;
			buildActionMask = 2147483647;
			files = (
			);
			inputPaths = (
			);
			name = "Copy Pods Resources";
			outputPaths = (
			);
			runOnlyForDeploymentPostprocessing = 0;
			shellPath = /bin/sh;
			shellScript = "\"${SRCROOT}/Pods/Pods-resources.sh\"\n";
			showEnvVarsInLog = 0;
		};
		B2DB02E4E41A41519CEF9F31 /* Check Pods Manifest.lock */ = {
			isa = PBXShellScriptBuildPhase;
			buildActionMask = 2147483647;
			files = (
			);
			inputPaths = (
			);
			name = "Check Pods Manifest.lock";
			outputPaths = (
			);
			runOnlyForDeploymentPostprocessing = 0;
			shellPath = /bin/sh;
			shellScript = "diff \"${PODS_ROOT}/../Podfile.lock\" \"${PODS_ROOT}/Manifest.lock\" > /dev/null\nif [[ $? != 0 ]] ; then\n    cat << EOM\nerror: The sandbox is not in sync with the Podfile.lock. Run 'pod install' or update your CocoaPods installation.\nEOM\n    exit 1\nfi\n";
			showEnvVarsInLog = 0;
		};
/* End PBXShellScriptBuildPhase section */

/* Begin PBXSourcesBuildPhase section */
		70F83D2E19928DFF00FECD70 /* Sources */ = {
			isa = PBXSourcesBuildPhase;
			buildActionMask = 2147483647;
			files = (
				70F83D6719928E3E00FECD70 /* DLWelcomeView.m in Sources */,
				70F83D4619928DFF00FECD70 /* DLAppDelegate.m in Sources */,
				70F83D4219928DFF00FECD70 /* main.m in Sources */,
			);
			runOnlyForDeploymentPostprocessing = 0;
		};
		70F83D4919928DFF00FECD70 /* Sources */ = {
			isa = PBXSourcesBuildPhase;
			buildActionMask = 2147483647;
			files = (
				70F83D5B19928DFF00FECD70 /* BlueLightTests.m in Sources */,
			);
			runOnlyForDeploymentPostprocessing = 0;
		};
/* End PBXSourcesBuildPhase section */

/* Begin PBXTargetDependency section */
		70F83D5319928DFF00FECD70 /* PBXTargetDependency */ = {
			isa = PBXTargetDependency;
			target = 70F83D3119928DFF00FECD70 /* BlueLight */;
			targetProxy = 70F83D5219928DFF00FECD70 /* PBXContainerItemProxy */;
		};
/* End PBXTargetDependency section */

/* Begin PBXVariantGroup section */
		70F83D3E19928DFF00FECD70 /* InfoPlist.strings */ = {
			isa = PBXVariantGroup;
			children = (
				70F83D3F19928DFF00FECD70 /* en */,
			);
			name = InfoPlist.strings;
			sourceTree = "<group>";
		};
		70F83D5719928DFF00FECD70 /* InfoPlist.strings */ = {
			isa = PBXVariantGroup;
			children = (
				70F83D5819928DFF00FECD70 /* en */,
			);
			name = InfoPlist.strings;
			sourceTree = "<group>";
		};
/* End PBXVariantGroup section */

/* Begin XCBuildConfiguration section */
		70F83D5C19928DFF00FECD70 /* Debug */ = {
			isa = XCBuildConfiguration;
			buildSettings = {
				ALWAYS_SEARCH_USER_PATHS = NO;
				CLANG_CXX_LANGUAGE_STANDARD = "gnu++0x";
				CLANG_CXX_LIBRARY = "libc++";
				CLANG_ENABLE_MODULES = YES;
				CLANG_ENABLE_OBJC_ARC = YES;
				CLANG_WARN_BOOL_CONVERSION = YES;
				CLANG_WARN_CONSTANT_CONVERSION = YES;
				CLANG_WARN_DIRECT_OBJC_ISA_USAGE = YES_ERROR;
				CLANG_WARN_EMPTY_BODY = YES;
				CLANG_WARN_ENUM_CONVERSION = YES;
				CLANG_WARN_INT_CONVERSION = YES;
				CLANG_WARN_OBJC_ROOT_CLASS = YES_ERROR;
				CLANG_WARN__DUPLICATE_METHOD_MATCH = YES;
				"CODE_SIGN_IDENTITY[sdk=iphoneos*]" = "iPhone Developer";
				COPY_PHASE_STRIP = NO;
				GCC_C_LANGUAGE_STANDARD = gnu99;
				GCC_DYNAMIC_NO_PIC = NO;
				GCC_OPTIMIZATION_LEVEL = 0;
				GCC_PREPROCESSOR_DEFINITIONS = (
					"DEBUG=1",
					"$(inherited)",
				);
				GCC_SYMBOLS_PRIVATE_EXTERN = NO;
				GCC_WARN_64_TO_32_BIT_CONVERSION = YES;
				GCC_WARN_ABOUT_RETURN_TYPE = YES_ERROR;
				GCC_WARN_UNDECLARED_SELECTOR = YES;
				GCC_WARN_UNINITIALIZED_AUTOS = YES_AGGRESSIVE;
				GCC_WARN_UNUSED_FUNCTION = YES;
				GCC_WARN_UNUSED_VARIABLE = YES;
				IPHONEOS_DEPLOYMENT_TARGET = 7.1;
				ONLY_ACTIVE_ARCH = YES;
				SDKROOT = iphoneos;
			};
			name = Debug;
		};
		70F83D5D19928DFF00FECD70 /* Release */ = {
			isa = XCBuildConfiguration;
			buildSettings = {
				ALWAYS_SEARCH_USER_PATHS = NO;
				CLANG_CXX_LANGUAGE_STANDARD = "gnu++0x";
				CLANG_CXX_LIBRARY = "libc++";
				CLANG_ENABLE_MODULES = YES;
				CLANG_ENABLE_OBJC_ARC = YES;
				CLANG_WARN_BOOL_CONVERSION = YES;
				CLANG_WARN_CONSTANT_CONVERSION = YES;
				CLANG_WARN_DIRECT_OBJC_ISA_USAGE = YES_ERROR;
				CLANG_WARN_EMPTY_BODY = YES;
				CLANG_WARN_ENUM_CONVERSION = YES;
				CLANG_WARN_INT_CONVERSION = YES;
				CLANG_WARN_OBJC_ROOT_CLASS = YES_ERROR;
				CLANG_WARN__DUPLICATE_METHOD_MATCH = YES;
				"CODE_SIGN_IDENTITY[sdk=iphoneos*]" = "iPhone Developer";
				COPY_PHASE_STRIP = YES;
				ENABLE_NS_ASSERTIONS = NO;
				GCC_C_LANGUAGE_STANDARD = gnu99;
				GCC_WARN_64_TO_32_BIT_CONVERSION = YES;
				GCC_WARN_ABOUT_RETURN_TYPE = YES_ERROR;
				GCC_WARN_UNDECLARED_SELECTOR = YES;
				GCC_WARN_UNINITIALIZED_AUTOS = YES_AGGRESSIVE;
				GCC_WARN_UNUSED_FUNCTION = YES;
				GCC_WARN_UNUSED_VARIABLE = YES;
				IPHONEOS_DEPLOYMENT_TARGET = 7.1;
				SDKROOT = iphoneos;
				VALIDATE_PRODUCT = YES;
			};
			name = Release;
		};
		70F83D5F19928DFF00FECD70 /* Debug */ = {
			isa = XCBuildConfiguration;
			baseConfigurationReference = 58C68156BDAA4326AD197CB6 /* Pods.xcconfig */;
			buildSettings = {
				ASSETCATALOG_COMPILER_APPICON_NAME = AppIcon;
				ASSETCATALOG_COMPILER_LAUNCHIMAGE_NAME = LaunchImage;
				FRAMEWORK_SEARCH_PATHS = (
					"$(inherited)",
					/Users/detroitlabsuser/Downloads,
					/Users/detroitlabsuser/Documents/FacebookSDK,
				);
				GCC_PRECOMPILE_PREFIX_HEADER = YES;
				GCC_PREFIX_HEADER = "BlueLight/BlueLight-Prefix.pch";
				INFOPLIST_FILE = "BlueLight/BlueLight-Info.plist";
				PRODUCT_NAME = "$(TARGET_NAME)";
				WRAPPER_EXTENSION = app;
			};
			name = Debug;
		};
		70F83D6019928DFF00FECD70 /* Release */ = {
			isa = XCBuildConfiguration;
			baseConfigurationReference = 58C68156BDAA4326AD197CB6 /* Pods.xcconfig */;
			buildSettings = {
				ASSETCATALOG_COMPILER_APPICON_NAME = AppIcon;
				ASSETCATALOG_COMPILER_LAUNCHIMAGE_NAME = LaunchImage;
				FRAMEWORK_SEARCH_PATHS = (
					"$(inherited)",
					/Users/detroitlabsuser/Downloads,
					/Users/detroitlabsuser/Documents/FacebookSDK,
				);
				GCC_PRECOMPILE_PREFIX_HEADER = YES;
				GCC_PREFIX_HEADER = "BlueLight/BlueLight-Prefix.pch";
				INFOPLIST_FILE = "BlueLight/BlueLight-Info.plist";
				PRODUCT_NAME = "$(TARGET_NAME)";
				WRAPPER_EXTENSION = app;
			};
			name = Release;
		};
		70F83D6219928DFF00FECD70 /* Debug */ = {
			isa = XCBuildConfiguration;
			buildSettings = {
				BUNDLE_LOADER = "$(BUILT_PRODUCTS_DIR)/BlueLight.app/BlueLight";
				FRAMEWORK_SEARCH_PATHS = (
					"$(SDKROOT)/Developer/Library/Frameworks",
					"$(inherited)",
					"$(DEVELOPER_FRAMEWORKS_DIR)",
				);
				GCC_PRECOMPILE_PREFIX_HEADER = YES;
				GCC_PREFIX_HEADER = "BlueLight/BlueLight-Prefix.pch";
				GCC_PREPROCESSOR_DEFINITIONS = (
					"DEBUG=1",
					"$(inherited)",
				);
				INFOPLIST_FILE = "BlueLightTests/BlueLightTests-Info.plist";
				PRODUCT_NAME = "$(TARGET_NAME)";
				TEST_HOST = "$(BUNDLE_LOADER)";
				WRAPPER_EXTENSION = xctest;
			};
			name = Debug;
		};
		70F83D6319928DFF00FECD70 /* Release */ = {
			isa = XCBuildConfiguration;
			buildSettings = {
				BUNDLE_LOADER = "$(BUILT_PRODUCTS_DIR)/BlueLight.app/BlueLight";
				FRAMEWORK_SEARCH_PATHS = (
					"$(SDKROOT)/Developer/Library/Frameworks",
					"$(inherited)",
					"$(DEVELOPER_FRAMEWORKS_DIR)",
				);
				GCC_PRECOMPILE_PREFIX_HEADER = YES;
				GCC_PREFIX_HEADER = "BlueLight/BlueLight-Prefix.pch";
				INFOPLIST_FILE = "BlueLightTests/BlueLightTests-Info.plist";
				PRODUCT_NAME = "$(TARGET_NAME)";
				TEST_HOST = "$(BUNDLE_LOADER)";
				WRAPPER_EXTENSION = xctest;
			};
			name = Release;
		};
/* End XCBuildConfiguration section */

/* Begin XCConfigurationList section */
		70F83D2D19928DFF00FECD70 /* Build configuration list for PBXProject "BlueLight" */ = {
			isa = XCConfigurationList;
			buildConfigurations = (
				70F83D5C19928DFF00FECD70 /* Debug */,
				70F83D5D19928DFF00FECD70 /* Release */,
			);
			defaultConfigurationIsVisible = 0;
			defaultConfigurationName = Release;
		};
		70F83D5E19928DFF00FECD70 /* Build configuration list for PBXNativeTarget "BlueLight" */ = {
			isa = XCConfigurationList;
			buildConfigurations = (
				70F83D5F19928DFF00FECD70 /* Debug */,
				70F83D6019928DFF00FECD70 /* Release */,
			);
			defaultConfigurationIsVisible = 0;
			defaultConfigurationName = Release;
		};
		70F83D6119928DFF00FECD70 /* Build configuration list for PBXNativeTarget "BlueLightTests" */ = {
			isa = XCConfigurationList;
			buildConfigurations = (
				70F83D6219928DFF00FECD70 /* Debug */,
				70F83D6319928DFF00FECD70 /* Release */,
			);
			defaultConfigurationIsVisible = 0;
			defaultConfigurationName = Release;
		};
/* End XCConfigurationList section */
	};
	rootObject = 70F83D2A19928DFF00FECD70 /* Project object */;
}
